
Microsoft Visual Studio Solution File, Format Version 12.00
# Visual Studio Version 17
VisualStudioVersion = 17.5.33530.505
MinimumVisualStudioVersion = 10.0.40219.1
Project("{FAE04EC0-301F-11D3-BF4B-00C04F79EFBC}") = "TestCoreSystem", "TestCoreSystem\TestCoreSystem.csproj", "{FC5C0E15-00D7-4292-B67C-685D283280F3}"
EndProject
Global
	GlobalSection(SolutionConfigurationPlatforms) = preSolution
		Debug|Any CPU = Debug|Any CPU
		Release|Any CPU = Release|Any CPU
	EndGlobalSection
	GlobalSection(ProjectConfigurationPlatforms) = postSolution
		{FC5C0E15-00D7-4292-B67C-685D283280F3}.Debug|Any CPU.ActiveCfg = Debug|Any CPU
		{FC5C0E15-00D7-4292-B67C-685D283280F3}.Debug|Any CPU.Build.0 = Debug|Any CPU
		{FC5C0E15-00D7-4292-B67C-685D283280F3}.Release|Any CPU.ActiveCfg = Release|Any CPU
		{FC5C0E15-00D7-4292-B67C-685D283280F3}.Release|Any CPU.Build.0 = Release|Any CPU
	EndGlobalSection
	GlobalSection(SolutionProperties) = preSolution
		HideSolutionNode = FALSE
	EndGlobalSection
	GlobalSection(ExtensibilityGlobals) = postSolution
		SolutionGuid = {E9CC10E2-DFD5-424F-9291-8E09387FFD81}
	EndGlobalSection
EndGlobal
